
Microsoft Visual Studio Solution File, Format Version 12.00
# Visual Studio Version 16
VisualStudioVersion = 16.0.29409.12
MinimumVisualStudioVersion = 10.0.40219.1
Project("{FAE04EC0-301F-11D3-BF4B-00C04F79EFBC}") = "ConsoleApp2", "ConsoleApp2\ConsoleApp2.csproj", "{3950D249-8110-4FC5-BF5F-B8643EA11588}"
EndProject
Project("{FAE04EC0-301F-11D3-BF4B-00C04F79EFBC}") = "LibplctagWrapper", "LibplctagWrapper\LibplctagWrapper.csproj", "{394ABFC2-E570-462E-9994-37B33C348702}"
EndProject
Global
	GlobalSection(SolutionConfigurationPlatforms) = preSolution
		Debug|Any CPU = Debug|Any CPU
		Release|Any CPU = Release|Any CPU
	EndGlobalSection
	GlobalSection(ProjectConfigurationPlatforms) = postSolution
		{3950D249-8110-4FC5-BF5F-B8643EA11588}.Debug|Any CPU.ActiveCfg = Debug|Any CPU
		{3950D249-8110-4FC5-BF5F-B8643EA11588}.Debug|Any CPU.Build.0 = Debug|Any CPU
		{3950D249-8110-4FC5-BF5F-B8643EA11588}.Release|Any CPU.ActiveCfg = Release|Any CPU
		{3950D249-8110-4FC5-BF5F-B8643EA11588}.Release|Any CPU.Build.0 = Release|Any CPU
		{394ABFC2-E570-462E-9994-37B33C348702}.Debug|Any CPU.ActiveCfg = Debug|Any CPU
		{394ABFC2-E570-462E-9994-37B33C348702}.Debug|Any CPU.Build.0 = Debug|Any CPU
		{394ABFC2-E570-462E-9994-37B33C348702}.Release|Any CPU.ActiveCfg = Release|Any CPU
		{394ABFC2-E570-462E-9994-37B33C348702}.Release|Any CPU.Build.0 = Release|Any CPU
	EndGlobalSection
	GlobalSection(SolutionProperties) = preSolution
		HideSolutionNode = FALSE
	EndGlobalSection
	GlobalSection(ExtensibilityGlobals) = postSolution
		SolutionGuid = {D63BF6A0-545C-4921-A3B1-54CAC0FAC484}
	EndGlobalSection
EndGlobal
